
Microsoft Visual Studio Solution File, Format Version 12.00
# Visual Studio Version 17
VisualStudioVersion = 17.11.35312.102
MinimumVisualStudioVersion = 10.0.40219.1
Project("{FAE04EC0-301F-11D3-BF4B-00C04F79EFBC}") = "WebApplication3", "WebApplication3\WebApplication3.csproj", "{89D6DF3B-069C-48C0-A971-71FDCF789C53}"
EndProject
Global
	GlobalSection(SolutionConfigurationPlatforms) = preSolution
		Debug|Any CPU = Debug|Any CPU
		Release|Any CPU = Release|Any CPU
	EndGlobalSection
	GlobalSection(ProjectConfigurationPlatforms) = postSolution
		{89D6DF3B-069C-48C0-A971-71FDCF789C53}.Debug|Any CPU.ActiveCfg = Debug|Any CPU
		{89D6DF3B-069C-48C0-A971-71FDCF789C53}.Debug|Any CPU.Build.0 = Debug|Any CPU
		{89D6DF3B-069C-48C0-A971-71FDCF789C53}.Release|Any CPU.ActiveCfg = Release|Any CPU
		{89D6DF3B-069C-48C0-A971-71FDCF789C53}.Release|Any CPU.Build.0 = Release|Any CPU
	EndGlobalSection
	GlobalSection(SolutionProperties) = preSolution
		HideSolutionNode = FALSE
	EndGlobalSection
	GlobalSection(ExtensibilityGlobals) = postSolution
		SolutionGuid = {F5A7881A-84BD-4342-8436-EC3A74A84C4A}
	EndGlobalSection
EndGlobal
